
Microsoft Visual Studio Solution File, Format Version 12.00
# Visual Studio Version 17
VisualStudioVersion = 17.9.34714.143
MinimumVisualStudioVersion = 10.0.40219.1
Project("{FAE04EC0-301F-11D3-BF4B-00C04F79EFBC}") = "AccesoADatos", "AccesoADatos\AccesoADatos.csproj", "{581993D3-362A-43E7-A991-EB3159987F68}"
EndProject
Project("{FAE04EC0-301F-11D3-BF4B-00C04F79EFBC}") = "Datos", "Datos\Datos.csproj", "{4BFDC928-B490-434A-976D-CB894AB40CBC}"
EndProject
Project("{FAE04EC0-301F-11D3-BF4B-00C04F79EFBC}") = "Negocio", "Negocio\Negocio.csproj", "{BBE01459-DF5F-4A30-AA46-18487AB034A4}"
EndProject
Project("{FAE04EC0-301F-11D3-BF4B-00C04F79EFBC}") = "APIVentas2Soap", "APIVentas2Soap\APIVentas2Soap.csproj", "{E8D5E6EA-E881-4718-A602-FB740A50BF14}"
EndProject
Global
	GlobalSection(SolutionConfigurationPlatforms) = preSolution
		Debug|Any CPU = Debug|Any CPU
		Release|Any CPU = Release|Any CPU
	EndGlobalSection
	GlobalSection(ProjectConfigurationPlatforms) = postSolution
		{581993D3-362A-43E7-A991-EB3159987F68}.Debug|Any CPU.ActiveCfg = Debug|Any CPU
		{581993D3-362A-43E7-A991-EB3159987F68}.Debug|Any CPU.Build.0 = Debug|Any CPU
		{581993D3-362A-43E7-A991-EB3159987F68}.Release|Any CPU.ActiveCfg = Release|Any CPU
		{581993D3-362A-43E7-A991-EB3159987F68}.Release|Any CPU.Build.0 = Release|Any CPU
		{4BFDC928-B490-434A-976D-CB894AB40CBC}.Debug|Any CPU.ActiveCfg = Debug|Any CPU
		{4BFDC928-B490-434A-976D-CB894AB40CBC}.Debug|Any CPU.Build.0 = Debug|Any CPU
		{4BFDC928-B490-434A-976D-CB894AB40CBC}.Release|Any CPU.ActiveCfg = Release|Any CPU
		{4BFDC928-B490-434A-976D-CB894AB40CBC}.Release|Any CPU.Build.0 = Release|Any CPU
		{BBE01459-DF5F-4A30-AA46-18487AB034A4}.Debug|Any CPU.ActiveCfg = Debug|Any CPU
		{BBE01459-DF5F-4A30-AA46-18487AB034A4}.Debug|Any CPU.Build.0 = Debug|Any CPU
		{BBE01459-DF5F-4A30-AA46-18487AB034A4}.Release|Any CPU.ActiveCfg = Release|Any CPU
		{BBE01459-DF5F-4A30-AA46-18487AB034A4}.Release|Any CPU.Build.0 = Release|Any CPU
		{E8D5E6EA-E881-4718-A602-FB740A50BF14}.Debug|Any CPU.ActiveCfg = Debug|Any CPU
		{E8D5E6EA-E881-4718-A602-FB740A50BF14}.Debug|Any CPU.Build.0 = Debug|Any CPU
		{E8D5E6EA-E881-4718-A602-FB740A50BF14}.Release|Any CPU.ActiveCfg = Release|Any CPU
		{E8D5E6EA-E881-4718-A602-FB740A50BF14}.Release|Any CPU.Build.0 = Release|Any CPU
	EndGlobalSection
	GlobalSection(SolutionProperties) = preSolution
		HideSolutionNode = FALSE
	EndGlobalSection
	GlobalSection(ExtensibilityGlobals) = postSolution
		SolutionGuid = {5B50D11B-5049-4A28-A82B-49C0784984B8}
	EndGlobalSection
EndGlobal
